{
  "nodes": {
    "elm-go-src": {
      "flake": false,
      "locked": {
        "lastModified": 1687560590,
        "narHash": "sha256-B5Cngv8EGOY79u9aZeixA3EBt8rIc6bkYA4zoqycpk8=",
        "owner": "lucamug",
        "repo": "elm-go",
        "rev": "9a7bd8c980a03b026128fcd626b9395b4e2cb1e0",
        "type": "github"
      },
      "original": {
        "owner": "lucamug",
        "ref": "master",
        "repo": "elm-go",
        "type": "github"
      }
    },
    "flake-utils": {
      "inputs": {
        "systems": "systems"
      },
      "locked": {
        "lastModified": 1731533236,
        "narHash": "sha256-l0KFg5HjrsfsO/JpG+r7fRrqm12kzFHyUHqHCVpMMbI=",
        "owner": "numtide",
        "repo": "flake-utils",
        "rev": "11707dc2f618dd54ca8739b309ec4fc024de578b",
        "type": "github"
      },
      "original": {
        "owner": "numtide",
        "repo": "flake-utils",
        "type": "github"
      }
    },
    "nixpkgs": {
      "locked": {
        "lastModified": 1742578646,
        "narHash": "sha256-GiQ40ndXRnmmbDZvuv762vS+gew1uDpFwOfgJ8tLiEs=",
        "owner": "NixOS",
        "repo": "nixpkgs",
        "rev": "94c4dbe77c0740ebba36c173672ca15a7926c993",
        "type": "github"
      },
      "original": {
        "id": "nixpkgs",
        "type": "indirect"
      }
    },
    "nodeDependencies": {
      "flake": false,
      "locked": {
        "lastModified": 1,
        "narHash": "sha256-/GXZRBj2NEdSuiwtju8OETGj189UeM8zjRKhygqO668=",
        "path": "node2nix",
        "type": "path"
      },
      "original": {
        "path": "node2nix",
        "type": "path"
      }
    },
    "root": {
      "inputs": {
        "elm-go-src": "elm-go-src",
        "flake-utils": "flake-utils",
        "nixpkgs": "nixpkgs",
        "nodeDependencies": "nodeDependencies"
      }
    },
    "systems": {
      "locked": {
        "lastModified": 1681028828,
        "narHash": "sha256-Vy1rq5AaRuLzOxct8nz4T6wlgyUR7zLU309k9mBC768=",
        "owner": "nix-systems",
        "repo": "default",
        "rev": "da67096a3b9bf56a91d16901293e51ba5b49a27e",
        "type": "github"
      },
      "original": {
        "owner": "nix-systems",
        "repo": "default",
        "type": "github"
      }
    }
  },
  "root": "root",
  "version": 7
}
